
Microsoft Visual Studio Solution File, Format Version 12.00
# Visual Studio Version 17
VisualStudioVersion = 17.5.002.0
MinimumVisualStudioVersion = 10.0.40219.1
Project("{9A19103F-16F7-4668-BE54-9A1E7A4F7556}") = "ToDoList", "ToDoList\ToDoList.csproj", "{272925C6-80A5-4E23-A74B-8D3B54D21EEB}"
EndProject
Global
	GlobalSection(SolutionConfigurationPlatforms) = preSolution
		Debug|Any CPU = Debug|Any CPU
		Release|Any CPU = Release|Any CPU
	EndGlobalSection
	GlobalSection(ProjectConfigurationPlatforms) = postSolution
		{272925C6-80A5-4E23-A74B-8D3B54D21EEB}.Debug|Any CPU.ActiveCfg = Debug|Any CPU
		{272925C6-80A5-4E23-A74B-8D3B54D21EEB}.Debug|Any CPU.Build.0 = Debug|Any CPU
		{272925C6-80A5-4E23-A74B-8D3B54D21EEB}.Release|Any CPU.ActiveCfg = Release|Any CPU
		{272925C6-80A5-4E23-A74B-8D3B54D21EEB}.Release|Any CPU.Build.0 = Release|Any CPU
	EndGlobalSection
	GlobalSection(SolutionProperties) = preSolution
		HideSolutionNode = FALSE
	EndGlobalSection
	GlobalSection(ExtensibilityGlobals) = postSolution
		SolutionGuid = {76F0236C-F5A8-4E73-A0F9-DD63E6638443}
	EndGlobalSection
EndGlobal
